
Microsoft Visual Studio Solution File, Format Version 12.00
# Visual Studio Version 17
VisualStudioVersion = 17.14.36518.9 d17.14
MinimumVisualStudioVersion = 10.0.40219.1
Project("{FAE04EC0-301F-11D3-BF4B-00C04F79EFBC}") = "UmbracoAssignment", "UmbracoAssignment.csproj", "{78463439-8845-470C-AF80-7604D035F4FE}"
EndProject
Global
	GlobalSection(SolutionConfigurationPlatforms) = preSolution
		Debug|Any CPU = Debug|Any CPU
		Release|Any CPU = Release|Any CPU
	EndGlobalSection
	GlobalSection(ProjectConfigurationPlatforms) = postSolution
		{78463439-8845-470C-AF80-7604D035F4FE}.Debug|Any CPU.ActiveCfg = Debug|Any CPU
		{78463439-8845-470C-AF80-7604D035F4FE}.Debug|Any CPU.Build.0 = Debug|Any CPU
		{78463439-8845-470C-AF80-7604D035F4FE}.Release|Any CPU.ActiveCfg = Release|Any CPU
		{78463439-8845-470C-AF80-7604D035F4FE}.Release|Any CPU.Build.0 = Release|Any CPU
	EndGlobalSection
	GlobalSection(SolutionProperties) = preSolution
		HideSolutionNode = FALSE
	EndGlobalSection
	GlobalSection(ExtensibilityGlobals) = postSolution
		SolutionGuid = {878C59AA-1DC1-4FD7-9142-80EDEB1ACE84}
	EndGlobalSection
EndGlobal
